
Microsoft Visual Studio Solution File, Format Version 12.00
# Visual Studio Version 16
VisualStudioVersion = 16.0.29509.3
MinimumVisualStudioVersion = 10.0.40219.1
Project("{FAE04EC0-301F-11D3-BF4B-00C04F79EFBC}") = "Temp_PP", "Temp_PP.csproj", "{2AC3456E-9815-4E5D-A558-1EDDFA0AA233}"
EndProject
Global
	GlobalSection(SolutionConfigurationPlatforms) = preSolution
		Debug|Any CPU = Debug|Any CPU
		Release|Any CPU = Release|Any CPU
	EndGlobalSection
	GlobalSection(ProjectConfigurationPlatforms) = postSolution
		{2AC3456E-9815-4E5D-A558-1EDDFA0AA233}.Debug|Any CPU.ActiveCfg = Debug|Any CPU
		{2AC3456E-9815-4E5D-A558-1EDDFA0AA233}.Debug|Any CPU.Build.0 = Debug|Any CPU
		{2AC3456E-9815-4E5D-A558-1EDDFA0AA233}.Release|Any CPU.ActiveCfg = Release|Any CPU
		{2AC3456E-9815-4E5D-A558-1EDDFA0AA233}.Release|Any CPU.Build.0 = Release|Any CPU
	EndGlobalSection
	GlobalSection(SolutionProperties) = preSolution
		HideSolutionNode = FALSE
	EndGlobalSection
	GlobalSection(ExtensibilityGlobals) = postSolution
		SolutionGuid = {EECC823D-4F71-4765-9A62-4970E300181B}
	EndGlobalSection
EndGlobal
